{
  "nodes": {
    "fenix": {
      "inputs": {
        "nixpkgs": [
          "st7789-dev",
          "nixpkgs"
        ],
        "rust-analyzer-src": "rust-analyzer-src"
      },
      "locked": {
        "lastModified": 1692512345,
        "narHash": "sha256-ztOkYlG6LgS5AyjcQG3XWX3MRBQCHmTVlW3rhd2UdJs=",
        "owner": "nix-community",
        "repo": "fenix",
        "rev": "75907b374bd1b95fe7ebaa482e4872caae9da081",
        "type": "github"
      },
      "original": {
        "owner": "nix-community",
        "repo": "fenix",
        "type": "github"
      }
    },
    "flake-compat": {
      "flake": false,
      "locked": {
        "lastModified": 1696426674,
        "narHash": "sha256-kvjfFW7WAETZlt09AgDn1MrtKzP7t90Vf7vypd3OL1U=",
        "owner": "edolstra",
        "repo": "flake-compat",
        "rev": "0f9255e01c2351cc7d116c072cb317785dd33b33",
        "type": "github"
      },
      "original": {
        "owner": "edolstra",
        "repo": "flake-compat",
        "type": "github"
      }
    },
    "flake-utils": {
      "inputs": {
        "systems": "systems"
      },
      "locked": {
        "lastModified": 1710146030,
        "narHash": "sha256-SZ5L6eA7HJ/nmkzGG7/ISclqe6oZdOZTNoesiInkXPQ=",
        "owner": "numtide",
        "repo": "flake-utils",
        "rev": "b1d9ab70662946ef0850d488da1c9019f3a9752a",
        "type": "github"
      },
      "original": {
        "owner": "numtide",
        "repo": "flake-utils",
        "type": "github"
      }
    },
    "flake-utils_2": {
      "inputs": {
        "systems": "systems_2"
      },
      "locked": {
        "lastModified": 1705309234,
        "narHash": "sha256-uNRRNRKmJyCRC/8y1RqBkqWBLM034y4qN7EprSdmgyA=",
        "owner": "numtide",
        "repo": "flake-utils",
        "rev": "1ef2e671c3b0c19053962c07dbda38332dcebf26",
        "type": "github"
      },
      "original": {
        "owner": "numtide",
        "repo": "flake-utils",
        "type": "github"
      }
    },
    "flake-utils_3": {
      "inputs": {
        "systems": "systems_4"
      },
      "locked": {
        "lastModified": 1681202837,
        "narHash": "sha256-H+Rh19JDwRtpVPAWp64F+rlEtxUWBAQW28eAi3SRSzg=",
        "owner": "numtide",
        "repo": "flake-utils",
        "rev": "cfacdce06f30d2b68473a46042957675eebb3401",
        "type": "github"
      },
      "original": {
        "owner": "numtide",
        "repo": "flake-utils",
        "type": "github"
      }
    },
    "home-manager": {
      "inputs": {
        "nixpkgs": [
          "nixpkgs"
        ]
      },
      "locked": {
        "lastModified": 1712462372,
        "narHash": "sha256-WA3bbBWhd3o1wAgyHZNypjb/LG4oq+IWxFq8ey8yNPU=",
        "owner": "nix-community",
        "repo": "home-manager",
        "rev": "a561ad6ab38578c812cc9af3b04f2cc60ebf48c9",
        "type": "github"
      },
      "original": {
        "owner": "nix-community",
        "repo": "home-manager",
        "type": "github"
      }
    },
    "naersk": {
      "inputs": {
        "nixpkgs": [
          "st7789-dev",
          "nixpkgs"
        ]
      },
      "locked": {
        "lastModified": 1692351612,
        "narHash": "sha256-KTGonidcdaLadRnv9KFgwSMh1ZbXoR/OBmPjeNMhFwU=",
        "owner": "nix-community",
        "repo": "naersk",
        "rev": "78789c30d64dea2396c9da516bbcc8db3a475207",
        "type": "github"
      },
      "original": {
        "owner": "nix-community",
        "ref": "master",
        "repo": "naersk",
        "type": "github"
      }
    },
    "nixos-hardware": {
      "locked": {
        "lastModified": 1712566108,
        "narHash": "sha256-c9nT2ZODGqobISP41kUwCQ84Srwg7a/1TmPFQuol2/8=",
        "owner": "NixOS",
        "repo": "nixos-hardware",
        "rev": "1e3b3a35b7083f4152f5a516798cf9b21e686465",
        "type": "github"
      },
      "original": {
        "owner": "NixOS",
        "repo": "nixos-hardware",
        "type": "github"
      }
    },
    "nixos-wsl": {
      "inputs": {
        "flake-compat": "flake-compat",
        "flake-utils": "flake-utils_2",
        "nixpkgs": [
          "nixpkgs"
        ]
      },
      "locked": {
        "lastModified": 1710519878,
        "narHash": "sha256-0dbc10OBFUVYyXC+C+N6vRUd8xyBSRxkcZ4Egipbx0M=",
        "owner": "nix-community",
        "repo": "NixOS-WSL",
        "rev": "aef95bdb6800a3a2af7aa7083d6df03067da6592",
        "type": "github"
      },
      "original": {
        "owner": "nix-community",
        "repo": "NixOS-WSL",
        "type": "github"
      }
    },
    "nixpkgs": {
      "locked": {
        "lastModified": 1712439257,
        "narHash": "sha256-aSpiNepFOMk9932HOax0XwNxbA38GOUVOiXfUVPOrck=",
        "owner": "NixOS",
        "repo": "nixpkgs",
        "rev": "ff0dbd94265ac470dda06a657d5fe49de93b4599",
        "type": "github"
      },
      "original": {
        "owner": "NixOS",
        "ref": "nixos-unstable",
        "repo": "nixpkgs",
        "type": "github"
      }
    },
    "nixpkgs-stable": {
      "locked": {
        "lastModified": 1712437997,
        "narHash": "sha256-g0whLLwRvgO2FsyhY8fNk+TWenS3jg5UdlWL4uqgFeo=",
        "owner": "NixOS",
        "repo": "nixpkgs",
        "rev": "e38d7cb66ea4f7a0eb6681920615dfcc30fc2920",
        "type": "github"
      },
      "original": {
        "owner": "NixOS",
        "ref": "release-23.11",
        "repo": "nixpkgs",
        "type": "github"
      }
    },
    "nixpkgs_2": {
      "locked": {
        "lastModified": 1712420723,
        "narHash": "sha256-VnG0Eu394Ga2FCe8Q66m6OEQF8iAqjDYsjmtl+N2omk=",
        "owner": "NixOS",
        "repo": "nixpkgs",
        "rev": "9e7f26f82acb057498335362905fde6fea4ca50a",
        "type": "github"
      },
      "original": {
        "owner": "NixOS",
        "ref": "nixpkgs-unstable",
        "repo": "nixpkgs",
        "type": "github"
      }
    },
    "nixpkgs_3": {
      "locked": {
        "lastModified": 1692174805,
        "narHash": "sha256-xmNPFDi/AUMIxwgOH/IVom55Dks34u1g7sFKKebxUm0=",
        "owner": "nixos",
        "repo": "nixpkgs",
        "rev": "caac0eb6bdcad0b32cb2522e03e4002c8975c62e",
        "type": "github"
      },
      "original": {
        "owner": "nixos",
        "ref": "nixos-unstable",
        "repo": "nixpkgs",
        "type": "github"
      }
    },
    "root": {
      "inputs": {
        "flake-utils": "flake-utils",
        "home-manager": "home-manager",
        "nixos-hardware": "nixos-hardware",
        "nixos-wsl": "nixos-wsl",
        "nixpkgs": "nixpkgs",
        "sops-nix": "sops-nix",
        "st7789-dev": "st7789-dev",
        "vscode-server": "vscode-server"
      }
    },
    "rust-analyzer-src": {
      "flake": false,
      "locked": {
        "lastModified": 1692456871,
        "narHash": "sha256-ribQkxEbMMb8vcBMKvcrPHFftMmlaF3HIAbJty9fDeY=",
        "owner": "rust-lang",
        "repo": "rust-analyzer",
        "rev": "83b3ba1b8191c065bb0dacc79e5896f7f21e4611",
        "type": "github"
      },
      "original": {
        "owner": "rust-lang",
        "ref": "nightly",
        "repo": "rust-analyzer",
        "type": "github"
      }
    },
    "sops-nix": {
      "inputs": {
        "nixpkgs": "nixpkgs_2",
        "nixpkgs-stable": "nixpkgs-stable"
      },
      "locked": {
        "lastModified": 1712458908,
        "narHash": "sha256-DMgBS+jNHDg8z3g9GkwqL8xTKXCRQ/0FGsAyrniVonc=",
        "owner": "mic92",
        "repo": "sops-nix",
        "rev": "39191e8e6265b106c9a2ba0cfd3a4dafe98a31c6",
        "type": "github"
      },
      "original": {
        "owner": "mic92",
        "repo": "sops-nix",
        "type": "github"
      }
    },
    "st7789-dev": {
      "inputs": {
        "fenix": "fenix",
        "naersk": "naersk",
        "nixpkgs": "nixpkgs_3",
        "utils": "utils"
      },
      "locked": {
        "lastModified": 1692630891,
        "narHash": "sha256-ZAkzeQpYH349F7IUmrvFarjBWCkbwZYCcg0YOKeS9jk=",
        "owner": "3waffel",
        "repo": "st7789-dev",
        "rev": "25728a20c8680f3d106df200dfab15c48e0f67ec",
        "type": "github"
      },
      "original": {
        "owner": "3waffel",
        "repo": "st7789-dev",
        "type": "github"
      }
    },
    "systems": {
      "locked": {
        "lastModified": 1681028828,
        "narHash": "sha256-Vy1rq5AaRuLzOxct8nz4T6wlgyUR7zLU309k9mBC768=",
        "owner": "nix-systems",
        "repo": "default",
        "rev": "da67096a3b9bf56a91d16901293e51ba5b49a27e",
        "type": "github"
      },
      "original": {
        "owner": "nix-systems",
        "repo": "default",
        "type": "github"
      }
    },
    "systems_2": {
      "locked": {
        "lastModified": 1681028828,
        "narHash": "sha256-Vy1rq5AaRuLzOxct8nz4T6wlgyUR7zLU309k9mBC768=",
        "owner": "nix-systems",
        "repo": "default",
        "rev": "da67096a3b9bf56a91d16901293e51ba5b49a27e",
        "type": "github"
      },
      "original": {
        "owner": "nix-systems",
        "repo": "default",
        "type": "github"
      }
    },
    "systems_3": {
      "locked": {
        "lastModified": 1681028828,
        "narHash": "sha256-Vy1rq5AaRuLzOxct8nz4T6wlgyUR7zLU309k9mBC768=",
        "owner": "nix-systems",
        "repo": "default",
        "rev": "da67096a3b9bf56a91d16901293e51ba5b49a27e",
        "type": "github"
      },
      "original": {
        "owner": "nix-systems",
        "repo": "default",
        "type": "github"
      }
    },
    "systems_4": {
      "locked": {
        "lastModified": 1681028828,
        "narHash": "sha256-Vy1rq5AaRuLzOxct8nz4T6wlgyUR7zLU309k9mBC768=",
        "owner": "nix-systems",
        "repo": "default",
        "rev": "da67096a3b9bf56a91d16901293e51ba5b49a27e",
        "type": "github"
      },
      "original": {
        "owner": "nix-systems",
        "repo": "default",
        "type": "github"
      }
    },
    "utils": {
      "inputs": {
        "systems": "systems_3"
      },
      "locked": {
        "lastModified": 1689068808,
        "narHash": "sha256-6ixXo3wt24N/melDWjq70UuHQLxGV8jZvooRanIHXw0=",
        "owner": "numtide",
        "repo": "flake-utils",
        "rev": "919d646de7be200f3bf08cb76ae1f09402b6f9b4",
        "type": "github"
      },
      "original": {
        "owner": "numtide",
        "repo": "flake-utils",
        "type": "github"
      }
    },
    "vscode-server": {
      "inputs": {
        "flake-utils": "flake-utils_3",
        "nixpkgs": [
          "nixpkgs"
        ]
      },
      "locked": {
        "lastModified": 1709622318,
        "narHash": "sha256-bTscF0366xtoIXgH7Zq+Mn0mpX3w4h/2xKpHiYMyLNc=",
        "owner": "msteen",
        "repo": "nixos-vscode-server",
        "rev": "d0ed9b8cf1f0a71f110df9119489ab047e0726bd",
        "type": "github"
      },
      "original": {
        "owner": "msteen",
        "repo": "nixos-vscode-server",
        "type": "github"
      }
    }
  },
  "root": "root",
  "version": 7
}
